{
  "name": "web-ai-demos",
  "version": "1.0.0",
  "lockfileVersion": 3,
  "requires": true,
  "packages": {
    "": {
      "name": "web-ai-demos",
      "version": "1.0.0",
      "license": "Apache-2.0",
      "dependencies": {
        "@mediapipe/tasks-genai": "^0.10.25"
      }
    },
    "node_modules/@mediapipe/tasks-genai": {
      "version": "0.10.25",
      "resolved": "https://registry.npmjs.org/@mediapipe/tasks-genai/-/tasks-genai-0.10.25.tgz",
      "integrity": "sha512-/ce/qNTC/CzzPJ5QRBz4MIoaYD+L65wkeE38ysb7saAZd38RZgzzVp1ZoLVFe/52LC3Ly/h2qcZWmkQf5PSJag==",
      "license": "Apache-2.0"
    }
  }
}
